
Microsoft Visual Studio Solution File, Format Version 12.00
# Visual Studio Version 17
VisualStudioVersion = 17.14.36414.22 d17.14
MinimumVisualStudioVersion = 10.0.40219.1
Project("{FAE04EC0-301F-11D3-BF4B-00C04F79EFBC}") = "NonVoid2", "NonVoid2\NonVoid2.csproj", "{90BE9319-9E9D-4617-9072-5E64C103084D}"
EndProject
Global
	GlobalSection(SolutionConfigurationPlatforms) = preSolution
		Debug|Any CPU = Debug|Any CPU
		Release|Any CPU = Release|Any CPU
	EndGlobalSection
	GlobalSection(ProjectConfigurationPlatforms) = postSolution
		{90BE9319-9E9D-4617-9072-5E64C103084D}.Debug|Any CPU.ActiveCfg = Debug|Any CPU
		{90BE9319-9E9D-4617-9072-5E64C103084D}.Debug|Any CPU.Build.0 = Debug|Any CPU
		{90BE9319-9E9D-4617-9072-5E64C103084D}.Release|Any CPU.ActiveCfg = Release|Any CPU
		{90BE9319-9E9D-4617-9072-5E64C103084D}.Release|Any CPU.Build.0 = Release|Any CPU
	EndGlobalSection
	GlobalSection(SolutionProperties) = preSolution
		HideSolutionNode = FALSE
	EndGlobalSection
	GlobalSection(ExtensibilityGlobals) = postSolution
		SolutionGuid = {5F0B51E6-7A3A-4E46-B90B-2029C329D5BD}
	EndGlobalSection
EndGlobal
